
Microsoft Visual Studio Solution File, Format Version 12.00
# Visual Studio Version 16
VisualStudioVersion = 16.0.32228.343
MinimumVisualStudioVersion = 10.0.40219.1
Project("{FAE04EC0-301F-11D3-BF4B-00C04F79EFBC}") = "ApiEntity", "ApiEntity\ApiEntity.csproj", "{EE3A210D-3D1B-4E5B-8FAC-5EF3ED029108}"
EndProject
Global
	GlobalSection(SolutionConfigurationPlatforms) = preSolution
		Debug|Any CPU = Debug|Any CPU
		Release|Any CPU = Release|Any CPU
	EndGlobalSection
	GlobalSection(ProjectConfigurationPlatforms) = postSolution
		{EE3A210D-3D1B-4E5B-8FAC-5EF3ED029108}.Debug|Any CPU.ActiveCfg = Debug|Any CPU
		{EE3A210D-3D1B-4E5B-8FAC-5EF3ED029108}.Debug|Any CPU.Build.0 = Debug|Any CPU
		{EE3A210D-3D1B-4E5B-8FAC-5EF3ED029108}.Release|Any CPU.ActiveCfg = Release|Any CPU
		{EE3A210D-3D1B-4E5B-8FAC-5EF3ED029108}.Release|Any CPU.Build.0 = Release|Any CPU
	EndGlobalSection
	GlobalSection(SolutionProperties) = preSolution
		HideSolutionNode = FALSE
	EndGlobalSection
	GlobalSection(ExtensibilityGlobals) = postSolution
		SolutionGuid = {A9BDF78C-89CC-4D4C-BC5C-EECABDE11544}
	EndGlobalSection
EndGlobal
